{
  "name": "bola-cinco",
  "version": "1.0.0",
  "lockfileVersion": 3,
  "requires": true,
  "packages": {
    "": {
      "name": "bola-cinco",
      "dependencies": {
        "daisyui": "^5.7.22"
      }
    },
    "node_modules/daisyui": {
      "version": "5.7.22",
      "resolved": "https://registry.npmjs.org/daisyui/-/daisyui-5.7.22.tgz",
      "integrity": "sha512-pYii+2NCN0+OIL6Lpuc054LK0QJeNv+GRK9UzN1GRmjdYhYO6WFl0QLoj5oPcitPD7o+okiiI0SKFkn641TxmA==",
      "license": "MIT",
      "funding": {
        "url": "https://github.com/saadeghi/daisyui?sponsor=1"
      }
    }
  }
}
